
Microsoft Visual Studio Solution File, Format Version 12.00
# Visual Studio Version 17
VisualStudioVersion = 17.5.33516.290
MinimumVisualStudioVersion = 10.0.40219.1
Project("{FAE04EC0-301F-11D3-BF4B-00C04F79EFBC}") = "TextAnalyser", "TextAnalyser.csproj", "{A52A3A64-B082-4796-AAF2-A5522F68A11D}"
EndProject
Global
	GlobalSection(SolutionConfigurationPlatforms) = preSolution
		Debug|Any CPU = Debug|Any CPU
		Release|Any CPU = Release|Any CPU
	EndGlobalSection
	GlobalSection(ProjectConfigurationPlatforms) = postSolution
		{A52A3A64-B082-4796-AAF2-A5522F68A11D}.Debug|Any CPU.ActiveCfg = Debug|Any CPU
		{A52A3A64-B082-4796-AAF2-A5522F68A11D}.Debug|Any CPU.Build.0 = Debug|Any CPU
		{A52A3A64-B082-4796-AAF2-A5522F68A11D}.Release|Any CPU.ActiveCfg = Release|Any CPU
		{A52A3A64-B082-4796-AAF2-A5522F68A11D}.Release|Any CPU.Build.0 = Release|Any CPU
	EndGlobalSection
	GlobalSection(SolutionProperties) = preSolution
		HideSolutionNode = FALSE
	EndGlobalSection
	GlobalSection(ExtensibilityGlobals) = postSolution
		SolutionGuid = {5F540C6D-DA82-46F6-853B-F07F1E1C69D8}
	EndGlobalSection
EndGlobal
